
Microsoft Visual Studio Solution File, Format Version 12.00
# Visual Studio Version 16
VisualStudioVersion = 16.0.30907.101
MinimumVisualStudioVersion = 10.0.40219.1
Project("{FAE04EC0-301F-11D3-BF4B-00C04F79EFBC}") = "TryForAdoNet", "TryForAdoNet\TryForAdoNet.csproj", "{2DF7A547-EB21-47E8-85DD-FA244141C780}"
EndProject
Global
	GlobalSection(SolutionConfigurationPlatforms) = preSolution
		Debug|Any CPU = Debug|Any CPU
		Release|Any CPU = Release|Any CPU
	EndGlobalSection
	GlobalSection(ProjectConfigurationPlatforms) = postSolution
		{2DF7A547-EB21-47E8-85DD-FA244141C780}.Debug|Any CPU.ActiveCfg = Debug|Any CPU
		{2DF7A547-EB21-47E8-85DD-FA244141C780}.Debug|Any CPU.Build.0 = Debug|Any CPU
		{2DF7A547-EB21-47E8-85DD-FA244141C780}.Release|Any CPU.ActiveCfg = Release|Any CPU
		{2DF7A547-EB21-47E8-85DD-FA244141C780}.Release|Any CPU.Build.0 = Release|Any CPU
	EndGlobalSection
	GlobalSection(SolutionProperties) = preSolution
		HideSolutionNode = FALSE
	EndGlobalSection
	GlobalSection(ExtensibilityGlobals) = postSolution
		SolutionGuid = {29F2B85F-34DA-409C-95A9-D4EE74672902}
	EndGlobalSection
EndGlobal
